
Microsoft Visual Studio Solution File, Format Version 12.00
# Visual Studio Version 17
VisualStudioVersion = 17.14.36221.1 d17.14
MinimumVisualStudioVersion = 10.0.40219.1
Project("{FAE04EC0-301F-11D3-BF4B-00C04F79EFBC}") = "ChessLogic", "ChessLogic\ChessLogic.csproj", "{A058B5DA-80CE-4406-AE81-63BD25B93300}"
EndProject
Project("{FAE04EC0-301F-11D3-BF4B-00C04F79EFBC}") = "Chess UI", "Chess UI\Chess UI.csproj", "{173E7F3D-6A60-4CDB-B5C2-334B09A3DC8C}"
EndProject
Global
	GlobalSection(SolutionConfigurationPlatforms) = preSolution
		Debug|Any CPU = Debug|Any CPU
		Release|Any CPU = Release|Any CPU
	EndGlobalSection
	GlobalSection(ProjectConfigurationPlatforms) = postSolution
		{A058B5DA-80CE-4406-AE81-63BD25B93300}.Debug|Any CPU.ActiveCfg = Debug|Any CPU
		{A058B5DA-80CE-4406-AE81-63BD25B93300}.Debug|Any CPU.Build.0 = Debug|Any CPU
		{A058B5DA-80CE-4406-AE81-63BD25B93300}.Release|Any CPU.ActiveCfg = Release|Any CPU
		{A058B5DA-80CE-4406-AE81-63BD25B93300}.Release|Any CPU.Build.0 = Release|Any CPU
		{173E7F3D-6A60-4CDB-B5C2-334B09A3DC8C}.Debug|Any CPU.ActiveCfg = Debug|Any CPU
		{173E7F3D-6A60-4CDB-B5C2-334B09A3DC8C}.Debug|Any CPU.Build.0 = Debug|Any CPU
		{173E7F3D-6A60-4CDB-B5C2-334B09A3DC8C}.Release|Any CPU.ActiveCfg = Release|Any CPU
		{173E7F3D-6A60-4CDB-B5C2-334B09A3DC8C}.Release|Any CPU.Build.0 = Release|Any CPU
	EndGlobalSection
	GlobalSection(SolutionProperties) = preSolution
		HideSolutionNode = FALSE
	EndGlobalSection
	GlobalSection(ExtensibilityGlobals) = postSolution
		SolutionGuid = {449FDA17-DE41-4657-8F1C-DEB731B1DCB8}
	EndGlobalSection
EndGlobal
